{
    "version": 3,
    "terraform_version": "0.11.5",
    "serial": 29,
    "lineage": "c8dfdf2e-b0fa-8e07-9337-c25d010537b3",
    "modules": [
        {
            "path": [
                "root"
            ],
            "outputs": {
                "Public Instance IDs": {
                    "sensitive": false,
                    "type": "string",
                    "value": "i-0d5e240133ae0857a"
                },
                "Public Instance IPs": {
                    "sensitive": false,
                    "type": "string",
                    "value": "54.235.21.146"
                },
                "Public Security Group": {
                    "sensitive": false,
                    "type": "string",
                    "value": "sg-091a50debf034b149"
                },
                "Public Subnets": {
                    "sensitive": false,
                    "type": "string",
                    "value": "subnet-0e63f52dd6512fe86, subnet-01124d79a70b7bf7f"
                },
                "Subnet IPs": {
                    "sensitive": false,
                    "type": "string",
                    "value": "10.123.1.0/24, 10.123.2.0/24"
                }
            },
            "resources": {},
            "depends_on": []
        },
        {
            "path": [
                "root",
                "asg"
            ],
            "outputs": {},
            "resources": {
                "aws_autoscaling_group.test_asg": {
                    "type": "aws_autoscaling_group",
                    "depends_on": [
                        "aws_launch_configuration.as_conf",
                        "aws_placement_group.test_pg"
                    ],
                    "primary": {
                        "id": "test_asg",
                        "attributes": {
                            "force_delete": "true",
                            "health_check_grace_period": "300",
                            "health_check_type": "ELB",
                            "id": "test_asg",
                            "launch_configuration": "terraform-lc-example-20190503135345042400000001",
                            "load_balancers.#": "0",
                            "max_size": "2",
                            "metrics_granularity": "1Minute",
                            "min_size": "1",
                            "name": "test_asg",
                            "placement_group": "test_pg",
                            "protect_from_scale_in": "false",
                            "target_group_arns.#": "1",
                            "target_group_arns.1497396360": "arn:aws:elasticloadbalancing:us-east-1:944937158186:targetgroup/lb-tg/4e9899cba305f3b7",
                            "vpc_zone_identifier.#": "2",
                            "vpc_zone_identifier.3409800556": "subnet-0e63f52dd6512fe86",
                            "vpc_zone_identifier.3586574698": "subnet-01124d79a70b7bf7f",
                            "wait_for_capacity_timeout": "10m"
                        },
                        "meta": {
                            "e2bfb730-ecaa-11e6-8f88-34363bc7c4c0": {
                                "delete": 600000000000
                            }
                        },
                        "tainted": false
                    },
                    "deposed": [],
                    "provider": "provider.aws"
                },
                "aws_launch_configuration.as_conf": {
                    "type": "aws_launch_configuration",
                    "depends_on": [
                        "data.aws_ami.server_ami"
                    ],
                    "primary": {
                        "id": "terraform-lc-example-20190503135345042400000001",
                        "attributes": {
                            "associate_public_ip_address": "false",
                            "ebs_block_device.#": "0",
                            "ebs_optimized": "false",
                            "enable_monitoring": "true",
                            "ephemeral_block_device.#": "0",
                            "iam_instance_profile": "",
                            "id": "terraform-lc-example-20190503135345042400000001",
                            "image_id": "ami-0080e4c5bc078760e",
                            "instance_type": "t2.micro",
                            "key_name": "",
                            "name": "terraform-lc-example-20190503135345042400000001",
                            "name_prefix": "terraform-lc-example-",
                            "root_block_device.#": "0",
                            "security_groups.#": "1",
                            "security_groups.47601760": "sg-091a50debf034b149",
                            "spot_price": "",
                            "vpc_classic_link_id": "",
                            "vpc_classic_link_security_groups.#": "0"
                        },
                        "meta": {},
                        "tainted": false
                    },
                    "deposed": [],
                    "provider": "provider.aws"
                },
                "aws_placement_group.test_pg": {
                    "type": "aws_placement_group",
                    "depends_on": [],
                    "primary": {
                        "id": "test_pg",
                        "attributes": {
                            "id": "test_pg",
                            "name": "test_pg",
                            "strategy": "cluster"
                        },
                        "meta": {},
                        "tainted": false
                    },
                    "deposed": [],
                    "provider": "provider.aws"
                },
                "data.aws_ami.server_ami": {
                    "type": "aws_ami",
                    "depends_on": [],
                    "primary": {
                        "id": "ami-0080e4c5bc078760e",
                        "attributes": {
                            "architecture": "x86_64",
                            "block_device_mappings.#": "1",
                            "block_device_mappings.340275815.device_name": "/dev/xvda",
                            "block_device_mappings.340275815.ebs.%": "6",
                            "block_device_mappings.340275815.ebs.delete_on_termination": "true",
                            "block_device_mappings.340275815.ebs.encrypted": "false",
                            "block_device_mappings.340275815.ebs.iops": "0",
                            "block_device_mappings.340275815.ebs.snapshot_id": "snap-01d81204beb02804b",
                            "block_device_mappings.340275815.ebs.volume_size": "8",
                            "block_device_mappings.340275815.ebs.volume_type": "gp2",
                            "block_device_mappings.340275815.no_device": "",
                            "block_device_mappings.340275815.virtual_name": "",
                            "creation_date": "2018-11-28T21:08:11.000Z",
                            "description": "Amazon Linux AMI 2018.03.0.20181129 x86_64 HVM gp2",
                            "filter.#": "1",
                            "filter.2898439165.name": "name",
                            "filter.2898439165.values.#": "1",
                            "filter.2898439165.values.0": "amzn-ami-hvm*-x86_64-gp2",
                            "hypervisor": "xen",
                            "id": "ami-0080e4c5bc078760e",
                            "image_id": "ami-0080e4c5bc078760e",
                            "image_location": "amazon/amzn-ami-hvm-2018.03.0.20181129-x86_64-gp2",
                            "image_owner_alias": "amazon",
                            "image_type": "machine",
                            "most_recent": "true",
                            "name": "amzn-ami-hvm-2018.03.0.20181129-x86_64-gp2",
                            "owner_id": "137112412989",
                            "owners.#": "1",
                            "owners.0": "amazon",
                            "product_codes.#": "0",
                            "public": "true",
                            "root_device_name": "/dev/xvda",
                            "root_device_type": "ebs",
                            "root_snapshot_id": "snap-01d81204beb02804b",
                            "sriov_net_support": "simple",
                            "state": "available",
                            "state_reason.%": "2",
                            "state_reason.code": "UNSET",
                            "state_reason.message": "UNSET",
                            "tags.%": "0",
                            "virtualization_type": "hvm"
                        },
                        "meta": {},
                        "tainted": false
                    },
                    "deposed": [],
                    "provider": "provider.aws"
                }
            },
            "depends_on": []
        },
        {
            "path": [
                "root",
                "compute"
            ],
            "outputs": {
                "server_id": {
                    "sensitive": false,
                    "type": "string",
                    "value": "i-0d5e240133ae0857a"
                },
                "server_ip": {
                    "sensitive": false,
                    "type": "string",
                    "value": "54.235.21.146"
                }
            },
            "resources": {
                "aws_instance.tf_server": {
                    "type": "aws_instance",
                    "depends_on": [
                        "aws_key_pair.tf_auth",
                        "data.aws_ami.server_ami",
                        "data.template_file.user-init.*"
                    ],
                    "primary": {
                        "id": "i-0d5e240133ae0857a",
                        "attributes": {
                            "ami": "ami-0080e4c5bc078760e",
                            "arn": "arn:aws:ec2:us-east-1:944937158186:instance/i-0d5e240133ae0857a",
                            "associate_public_ip_address": "true",
                            "availability_zone": "us-east-1a",
                            "cpu_core_count": "1",
                            "cpu_threads_per_core": "1",
                            "credit_specification.#": "1",
                            "credit_specification.0.cpu_credits": "standard",
                            "disable_api_termination": "false",
                            "ebs_block_device.#": "0",
                            "ebs_optimized": "false",
                            "ephemeral_block_device.#": "0",
                            "get_password_data": "false",
                            "iam_instance_profile": "",
                            "id": "i-0d5e240133ae0857a",
                            "instance_state": "running",
                            "instance_type": "t2.micro",
                            "ipv6_address_count": "0",
                            "ipv6_addresses.#": "0",
                            "key_name": "tf_key",
                            "monitoring": "false",
                            "network_interface.#": "0",
                            "password_data": "",
                            "placement_group": "",
                            "primary_network_interface_id": "eni-0940681b8b1c61aea",
                            "private_dns": "ip-10-123-1-61.ec2.internal",
                            "private_ip": "10.123.1.61",
                            "public_dns": "ec2-54-235-21-146.compute-1.amazonaws.com",
                            "public_ip": "54.235.21.146",
                            "root_block_device.#": "1",
                            "root_block_device.0.delete_on_termination": "true",
                            "root_block_device.0.iops": "100",
                            "root_block_device.0.volume_id": "vol-08a36af79617643d0",
                            "root_block_device.0.volume_size": "8",
                            "root_block_device.0.volume_type": "gp2",
                            "security_groups.#": "0",
                            "source_dest_check": "true",
                            "subnet_id": "subnet-0e63f52dd6512fe86",
                            "tags.%": "1",
                            "tags.Name": "tf_server-1",
                            "tenancy": "default",
                            "user_data": "a4cbed87b7b4489122c1ae5fb193b93f7c56ac08",
                            "volume_tags.%": "0",
                            "vpc_security_group_ids.#": "1",
                            "vpc_security_group_ids.47601760": "sg-091a50debf034b149"
                        },
                        "meta": {
                            "e2bfb730-ecaa-11e6-8f88-34363bc7c4c0": {
                                "create": 600000000000,
                                "delete": 1200000000000,
                                "update": 600000000000
                            },
                            "schema_version": "1"
                        },
                        "tainted": false
                    },
                    "deposed": [],
                    "provider": "provider.aws"
                },
                "aws_key_pair.tf_auth": {
                    "type": "aws_key_pair",
                    "depends_on": [],
                    "primary": {
                        "id": "tf_key",
                        "attributes": {
                            "fingerprint": "4a:46:39:f8:29:a8:8c:7b:b7:3e:83:66:6f:2d:80:86",
                            "id": "tf_key",
                            "key_name": "tf_key",
                            "public_key": "ssh-rsa AAAAB3NzaC1yc2EAAAADAQABAAABAQDInhvXEe0Q8Y/KteGUXARTeuBSnNXyrFzU+LdQt8T72DuZZ8aSKGQlc46Ec9bq3ME14mYZrCMuiXCnYkt3FvRC6WKcQUvkSDB7kPGlanL9IDo8YeKypjVIPauygjK+eVYRN5IHANzAVoxBadMZAyLcYjbR7AiZHlCwFn/AZjVNBz0QLhz+PmqClDQKBbXnOJ2fwg9Our6R3GTt9G5pGJikc7BN1zzvx4XTgg+/BqPz/2i9n4iN7jLAU7Schax/mRxlwLeBsDZ+cCb5XD8YOikQUYhlSTvvhnGR8wpwJdS/OipCOtkwyrVUd1KRZI8kJhuzeIZ1Dy8P2vhyfteVsB67 ec2-user@ip-10-1-100-189"
                        },
                        "meta": {
                            "schema_version": "1"
                        },
                        "tainted": false
                    },
                    "deposed": [],
                    "provider": "provider.aws"
                },
                "data.aws_ami.server_ami": {
                    "type": "aws_ami",
                    "depends_on": [],
                    "primary": {
                        "id": "ami-0080e4c5bc078760e",
                        "attributes": {
                            "architecture": "x86_64",
                            "block_device_mappings.#": "1",
                            "block_device_mappings.340275815.device_name": "/dev/xvda",
                            "block_device_mappings.340275815.ebs.%": "6",
                            "block_device_mappings.340275815.ebs.delete_on_termination": "true",
                            "block_device_mappings.340275815.ebs.encrypted": "false",
                            "block_device_mappings.340275815.ebs.iops": "0",
                            "block_device_mappings.340275815.ebs.snapshot_id": "snap-01d81204beb02804b",
                            "block_device_mappings.340275815.ebs.volume_size": "8",
                            "block_device_mappings.340275815.ebs.volume_type": "gp2",
                            "block_device_mappings.340275815.no_device": "",
                            "block_device_mappings.340275815.virtual_name": "",
                            "creation_date": "2018-11-28T21:08:11.000Z",
                            "description": "Amazon Linux AMI 2018.03.0.20181129 x86_64 HVM gp2",
                            "filter.#": "1",
                            "filter.2898439165.name": "name",
                            "filter.2898439165.values.#": "1",
                            "filter.2898439165.values.0": "amzn-ami-hvm*-x86_64-gp2",
                            "hypervisor": "xen",
                            "id": "ami-0080e4c5bc078760e",
                            "image_id": "ami-0080e4c5bc078760e",
                            "image_location": "amazon/amzn-ami-hvm-2018.03.0.20181129-x86_64-gp2",
                            "image_owner_alias": "amazon",
                            "image_type": "machine",
                            "most_recent": "true",
                            "name": "amzn-ami-hvm-2018.03.0.20181129-x86_64-gp2",
                            "owner_id": "137112412989",
                            "owners.#": "1",
                            "owners.0": "amazon",
                            "product_codes.#": "0",
                            "public": "true",
                            "root_device_name": "/dev/xvda",
                            "root_device_type": "ebs",
                            "root_snapshot_id": "snap-01d81204beb02804b",
                            "sriov_net_support": "simple",
                            "state": "available",
                            "state_reason.%": "2",
                            "state_reason.code": "UNSET",
                            "state_reason.message": "UNSET",
                            "tags.%": "0",
                            "virtualization_type": "hvm"
                        },
                        "meta": {},
                        "tainted": false
                    },
                    "deposed": [],
                    "provider": "provider.aws"
                },
                "data.template_file.user-init.0": {
                    "type": "template_file",
                    "depends_on": [],
                    "primary": {
                        "id": "2cf6f8f51b54a8712a8787371b5b19ca194c1555b69b5419a2be39ea7de07f8c",
                        "attributes": {
                            "id": "2cf6f8f51b54a8712a8787371b5b19ca194c1555b69b5419a2be39ea7de07f8c",
                            "rendered": "#!/bin/bash\nyum install httpd -y\necho \"Message from the server: hello my magesty\" \u003e\u003e /var/www/html/index.html\nservice httpd start\nchkconfig httpd on",
                            "template": "#!/bin/bash\nyum install httpd -y\necho \"Message from the server: ${message}\" \u003e\u003e /var/www/html/index.html\nservice httpd start\nchkconfig httpd on",
                            "vars.%": "1",
                            "vars.message": "hello my magesty"
                        },
                        "meta": {},
                        "tainted": false
                    },
                    "deposed": [],
                    "provider": "provider.template"
                },
                "data.template_file.user-init.1": {
                    "type": "template_file",
                    "depends_on": [],
                    "primary": {
                        "id": "2cf6f8f51b54a8712a8787371b5b19ca194c1555b69b5419a2be39ea7de07f8c",
                        "attributes": {
                            "id": "2cf6f8f51b54a8712a8787371b5b19ca194c1555b69b5419a2be39ea7de07f8c",
                            "rendered": "#!/bin/bash\nyum install httpd -y\necho \"Message from the server: hello my magesty\" \u003e\u003e /var/www/html/index.html\nservice httpd start\nchkconfig httpd on",
                            "template": "#!/bin/bash\nyum install httpd -y\necho \"Message from the server: ${message}\" \u003e\u003e /var/www/html/index.html\nservice httpd start\nchkconfig httpd on",
                            "vars.%": "1",
                            "vars.message": "hello my magesty"
                        },
                        "meta": {},
                        "tainted": false
                    },
                    "deposed": [],
                    "provider": "provider.template"
                }
            },
            "depends_on": []
        },
        {
            "path": [
                "root",
                "elb"
            ],
            "outputs": {
                "elb_id": {
                    "sensitive": false,
                    "type": "string",
                    "value": "arn:aws:elasticloadbalancing:us-east-1:944937158186:loadbalancer/app/test-lb-tf/77a4f58ef1c2201f"
                }
            },
            "resources": {
                "aws_lb.test": {
                    "type": "aws_lb",
                    "depends_on": [],
                    "primary": {
                        "id": "arn:aws:elasticloadbalancing:us-east-1:944937158186:loadbalancer/app/test-lb-tf/77a4f58ef1c2201f",
                        "attributes": {
                            "access_logs.#": "1",
                            "access_logs.0.bucket": "",
                            "access_logs.0.enabled": "false",
                            "access_logs.0.prefix": "",
                            "arn": "arn:aws:elasticloadbalancing:us-east-1:944937158186:loadbalancer/app/test-lb-tf/77a4f58ef1c2201f",
                            "arn_suffix": "app/test-lb-tf/77a4f58ef1c2201f",
                            "dns_name": "test-lb-tf-1912944744.us-east-1.elb.amazonaws.com",
                            "enable_deletion_protection": "false",
                            "enable_http2": "true",
                            "id": "arn:aws:elasticloadbalancing:us-east-1:944937158186:loadbalancer/app/test-lb-tf/77a4f58ef1c2201f",
                            "idle_timeout": "60",
                            "internal": "false",
                            "ip_address_type": "ipv4",
                            "load_balancer_type": "application",
                            "name": "test-lb-tf",
                            "security_groups.#": "1",
                            "security_groups.47601760": "sg-091a50debf034b149",
                            "subnet_mapping.#": "2",
                            "subnet_mapping.3541214182.allocation_id": "",
                            "subnet_mapping.3541214182.subnet_id": "subnet-0e63f52dd6512fe86",
                            "subnet_mapping.980417911.allocation_id": "",
                            "subnet_mapping.980417911.subnet_id": "subnet-01124d79a70b7bf7f",
                            "subnets.#": "2",
                            "subnets.3409800556": "subnet-0e63f52dd6512fe86",
                            "subnets.3586574698": "subnet-01124d79a70b7bf7f",
                            "tags.%": "1",
                            "tags.Environment": "test",
                            "vpc_id": "vpc-093e0a274b0c4fe74",
                            "zone_id": "Z35SXDOTRQ7X7K"
                        },
                        "meta": {
                            "e2bfb730-ecaa-11e6-8f88-34363bc7c4c0": {
                                "create": 600000000000,
                                "delete": 600000000000,
                                "update": 600000000000
                            }
                        },
                        "tainted": false
                    },
                    "deposed": [],
                    "provider": "provider.aws"
                },
                "aws_lb_listener.test": {
                    "type": "aws_lb_listener",
                    "depends_on": [
                        "aws_lb.test"
                    ],
                    "primary": {
                        "id": "arn:aws:elasticloadbalancing:us-east-1:944937158186:listener/app/test-lb-tf/77a4f58ef1c2201f/77cd6d2a5de71181",
                        "attributes": {
                            "arn": "arn:aws:elasticloadbalancing:us-east-1:944937158186:listener/app/test-lb-tf/77a4f58ef1c2201f/77cd6d2a5de71181",
                            "default_action.#": "1",
                            "default_action.0.authenticate_cognito.#": "0",
                            "default_action.0.authenticate_oidc.#": "0",
                            "default_action.0.fixed_response.#": "0",
                            "default_action.0.order": "1",
                            "default_action.0.redirect.#": "0",
                            "default_action.0.target_group_arn": "arn:aws:elasticloadbalancing:us-east-1:944937158186:targetgroup/lb-tg/4e9899cba305f3b7",
                            "default_action.0.type": "forward",
                            "id": "arn:aws:elasticloadbalancing:us-east-1:944937158186:listener/app/test-lb-tf/77a4f58ef1c2201f/77cd6d2a5de71181",
                            "load_balancer_arn": "arn:aws:elasticloadbalancing:us-east-1:944937158186:loadbalancer/app/test-lb-tf/77a4f58ef1c2201f",
                            "port": "80",
                            "protocol": "HTTP",
                            "ssl_policy": ""
                        },
                        "meta": {
                            "e2bfb730-ecaa-11e6-8f88-34363bc7c4c0": {
                                "read": 600000000000
                            }
                        },
                        "tainted": false
                    },
                    "deposed": [],
                    "provider": "provider.aws"
                }
            },
            "depends_on": []
        },
        {
            "path": [
                "root",
                "networking"
            ],
            "outputs": {
                "lb_tg_arn": {
                    "sensitive": false,
                    "type": "string",
                    "value": "arn:aws:elasticloadbalancing:us-east-1:944937158186:targetgroup/lb-tg/4e9899cba305f3b7"
                },
                "public_sg": {
                    "sensitive": false,
                    "type": "string",
                    "value": "sg-091a50debf034b149"
                },
                "public_subnets": {
                    "sensitive": false,
                    "type": "list",
                    "value": [
                        "subnet-0e63f52dd6512fe86",
                        "subnet-01124d79a70b7bf7f"
                    ]
                },
                "subnet_ips": {
                    "sensitive": false,
                    "type": "list",
                    "value": [
                        "10.123.1.0/24",
                        "10.123.2.0/24"
                    ]
                },
                "vpc_id": {
                    "sensitive": false,
                    "type": "string",
                    "value": "vpc-093e0a274b0c4fe74"
                }
            },
            "resources": {
                "aws_internet_gateway.tf_internet_gateway": {
                    "type": "aws_internet_gateway",
                    "depends_on": [
                        "aws_vpc.tf_vpc"
                    ],
                    "primary": {
                        "id": "igw-0a8be80e9d75a675d",
                        "attributes": {
                            "id": "igw-0a8be80e9d75a675d",
                            "owner_id": "944937158186",
                            "tags.%": "1",
                            "tags.Name": "tf_igw",
                            "vpc_id": "vpc-093e0a274b0c4fe74"
                        },
                        "meta": {},
                        "tainted": false
                    },
                    "deposed": [],
                    "provider": "provider.aws"
                },
                "aws_lb_target_group.lb_tg": {
                    "type": "aws_lb_target_group",
                    "depends_on": [
                        "aws_vpc.tf_vpc"
                    ],
                    "primary": {
                        "id": "arn:aws:elasticloadbalancing:us-east-1:944937158186:targetgroup/lb-tg/4e9899cba305f3b7",
                        "attributes": {
                            "arn": "arn:aws:elasticloadbalancing:us-east-1:944937158186:targetgroup/lb-tg/4e9899cba305f3b7",
                            "arn_suffix": "targetgroup/lb-tg/4e9899cba305f3b7",
                            "deregistration_delay": "300",
                            "health_check.#": "1",
                            "health_check.0.enabled": "true",
                            "health_check.0.healthy_threshold": "5",
                            "health_check.0.interval": "30",
                            "health_check.0.matcher": "200",
                            "health_check.0.path": "/",
                            "health_check.0.port": "traffic-port",
                            "health_check.0.protocol": "HTTP",
                            "health_check.0.timeout": "5",
                            "health_check.0.unhealthy_threshold": "2",
                            "id": "arn:aws:elasticloadbalancing:us-east-1:944937158186:targetgroup/lb-tg/4e9899cba305f3b7",
                            "lambda_multi_value_headers_enabled": "false",
                            "name": "lb-tg",
                            "port": "80",
                            "protocol": "HTTP",
                            "proxy_protocol_v2": "false",
                            "slow_start": "0",
                            "stickiness.#": "1",
                            "stickiness.0.cookie_duration": "86400",
                            "stickiness.0.enabled": "false",
                            "stickiness.0.type": "lb_cookie",
                            "tags.%": "0",
                            "target_type": "instance",
                            "vpc_id": "vpc-093e0a274b0c4fe74"
                        },
                        "meta": {},
                        "tainted": false
                    },
                    "deposed": [],
                    "provider": "provider.aws"
                },
                "aws_route_table.tf_public_rt": {
                    "type": "aws_route_table",
                    "depends_on": [
                        "aws_internet_gateway.tf_internet_gateway",
                        "aws_vpc.tf_vpc"
                    ],
                    "primary": {
                        "id": "rtb-0dcd5a6d79a523663",
                        "attributes": {
                            "id": "rtb-0dcd5a6d79a523663",
                            "owner_id": "944937158186",
                            "propagating_vgws.#": "0",
                            "route.#": "1",
                            "route.2608495691.cidr_block": "0.0.0.0/0",
                            "route.2608495691.egress_only_gateway_id": "",
                            "route.2608495691.gateway_id": "igw-0a8be80e9d75a675d",
                            "route.2608495691.instance_id": "",
                            "route.2608495691.ipv6_cidr_block": "",
                            "route.2608495691.nat_gateway_id": "",
                            "route.2608495691.network_interface_id": "",
                            "route.2608495691.transit_gateway_id": "",
                            "route.2608495691.vpc_peering_connection_id": "",
                            "tags.%": "1",
                            "tags.Name": "tf_public",
                            "vpc_id": "vpc-093e0a274b0c4fe74"
                        },
                        "meta": {},
                        "tainted": false
                    },
                    "deposed": [],
                    "provider": "provider.aws"
                },
                "aws_route_table_association.tf_public_assoc.0": {
                    "type": "aws_route_table_association",
                    "depends_on": [
                        "aws_route_table.tf_public_rt",
                        "aws_subnet.tf_public_subnet",
                        "aws_subnet.tf_public_subnet.*"
                    ],
                    "primary": {
                        "id": "rtbassoc-0d30cfbbcfcea4c60",
                        "attributes": {
                            "id": "rtbassoc-0d30cfbbcfcea4c60",
                            "route_table_id": "rtb-0dcd5a6d79a523663",
                            "subnet_id": "subnet-0e63f52dd6512fe86"
                        },
                        "meta": {},
                        "tainted": false
                    },
                    "deposed": [],
                    "provider": "provider.aws"
                },
                "aws_route_table_association.tf_public_assoc.1": {
                    "type": "aws_route_table_association",
                    "depends_on": [
                        "aws_route_table.tf_public_rt",
                        "aws_subnet.tf_public_subnet",
                        "aws_subnet.tf_public_subnet.*"
                    ],
                    "primary": {
                        "id": "rtbassoc-018658da63233635f",
                        "attributes": {
                            "id": "rtbassoc-018658da63233635f",
                            "route_table_id": "rtb-0dcd5a6d79a523663",
                            "subnet_id": "subnet-01124d79a70b7bf7f"
                        },
                        "meta": {},
                        "tainted": false
                    },
                    "deposed": [],
                    "provider": "provider.aws"
                },
                "aws_security_group.tf_public_sg": {
                    "type": "aws_security_group",
                    "depends_on": [
                        "aws_vpc.tf_vpc"
                    ],
                    "primary": {
                        "id": "sg-091a50debf034b149",
                        "attributes": {
                            "arn": "arn:aws:ec2:us-east-1:944937158186:security-group/sg-091a50debf034b149",
                            "description": "Used for access to the public instances",
                            "egress.#": "1",
                            "egress.482069346.cidr_blocks.#": "1",
                            "egress.482069346.cidr_blocks.0": "0.0.0.0/0",
                            "egress.482069346.description": "",
                            "egress.482069346.from_port": "0",
                            "egress.482069346.ipv6_cidr_blocks.#": "0",
                            "egress.482069346.prefix_list_ids.#": "0",
                            "egress.482069346.protocol": "-1",
                            "egress.482069346.security_groups.#": "0",
                            "egress.482069346.self": "false",
                            "egress.482069346.to_port": "0",
                            "id": "sg-091a50debf034b149",
                            "ingress.#": "3",
                            "ingress.1163740523.cidr_blocks.#": "1",
                            "ingress.1163740523.cidr_blocks.0": "0.0.0.0/0",
                            "ingress.1163740523.description": "",
                            "ingress.1163740523.from_port": "3306",
                            "ingress.1163740523.ipv6_cidr_blocks.#": "0",
                            "ingress.1163740523.prefix_list_ids.#": "0",
                            "ingress.1163740523.protocol": "tcp",
                            "ingress.1163740523.security_groups.#": "0",
                            "ingress.1163740523.self": "false",
                            "ingress.1163740523.to_port": "3306",
                            "ingress.2214680975.cidr_blocks.#": "1",
                            "ingress.2214680975.cidr_blocks.0": "0.0.0.0/0",
                            "ingress.2214680975.description": "",
                            "ingress.2214680975.from_port": "80",
                            "ingress.2214680975.ipv6_cidr_blocks.#": "0",
                            "ingress.2214680975.prefix_list_ids.#": "0",
                            "ingress.2214680975.protocol": "tcp",
                            "ingress.2214680975.security_groups.#": "0",
                            "ingress.2214680975.self": "false",
                            "ingress.2214680975.to_port": "80",
                            "ingress.2541437006.cidr_blocks.#": "1",
                            "ingress.2541437006.cidr_blocks.0": "0.0.0.0/0",
                            "ingress.2541437006.description": "",
                            "ingress.2541437006.from_port": "22",
                            "ingress.2541437006.ipv6_cidr_blocks.#": "0",
                            "ingress.2541437006.prefix_list_ids.#": "0",
                            "ingress.2541437006.protocol": "tcp",
                            "ingress.2541437006.security_groups.#": "0",
                            "ingress.2541437006.self": "false",
                            "ingress.2541437006.to_port": "22",
                            "name": "tf_public_sg",
                            "owner_id": "944937158186",
                            "revoke_rules_on_delete": "false",
                            "tags.%": "0",
                            "vpc_id": "vpc-093e0a274b0c4fe74"
                        },
                        "meta": {
                            "e2bfb730-ecaa-11e6-8f88-34363bc7c4c0": {
                                "create": 600000000000,
                                "delete": 600000000000
                            },
                            "schema_version": "1"
                        },
                        "tainted": false
                    },
                    "deposed": [],
                    "provider": "provider.aws"
                },
                "aws_subnet.tf_public_subnet.0": {
                    "type": "aws_subnet",
                    "depends_on": [
                        "aws_vpc.tf_vpc",
                        "data.aws_availability_zones.available"
                    ],
                    "primary": {
                        "id": "subnet-0e63f52dd6512fe86",
                        "attributes": {
                            "arn": "arn:aws:ec2:us-east-1:944937158186:subnet/subnet-0e63f52dd6512fe86",
                            "assign_ipv6_address_on_creation": "false",
                            "availability_zone": "us-east-1a",
                            "availability_zone_id": "use1-az4",
                            "cidr_block": "10.123.1.0/24",
                            "id": "subnet-0e63f52dd6512fe86",
                            "ipv6_cidr_block": "",
                            "ipv6_cidr_block_association_id": "",
                            "map_public_ip_on_launch": "true",
                            "owner_id": "944937158186",
                            "tags.%": "1",
                            "tags.Name": "tf_public_1",
                            "vpc_id": "vpc-093e0a274b0c4fe74"
                        },
                        "meta": {
                            "e2bfb730-ecaa-11e6-8f88-34363bc7c4c0": {
                                "create": 600000000000,
                                "delete": 600000000000
                            },
                            "schema_version": "1"
                        },
                        "tainted": false
                    },
                    "deposed": [],
                    "provider": "provider.aws"
                },
                "aws_subnet.tf_public_subnet.1": {
                    "type": "aws_subnet",
                    "depends_on": [
                        "aws_vpc.tf_vpc",
                        "data.aws_availability_zones.available"
                    ],
                    "primary": {
                        "id": "subnet-01124d79a70b7bf7f",
                        "attributes": {
                            "arn": "arn:aws:ec2:us-east-1:944937158186:subnet/subnet-01124d79a70b7bf7f",
                            "assign_ipv6_address_on_creation": "false",
                            "availability_zone": "us-east-1b",
                            "availability_zone_id": "use1-az6",
                            "cidr_block": "10.123.2.0/24",
                            "id": "subnet-01124d79a70b7bf7f",
                            "ipv6_cidr_block": "",
                            "ipv6_cidr_block_association_id": "",
                            "map_public_ip_on_launch": "true",
                            "owner_id": "944937158186",
                            "tags.%": "1",
                            "tags.Name": "tf_public_2",
                            "vpc_id": "vpc-093e0a274b0c4fe74"
                        },
                        "meta": {
                            "e2bfb730-ecaa-11e6-8f88-34363bc7c4c0": {
                                "create": 600000000000,
                                "delete": 600000000000
                            },
                            "schema_version": "1"
                        },
                        "tainted": false
                    },
                    "deposed": [],
                    "provider": "provider.aws"
                },
                "aws_vpc.tf_vpc": {
                    "type": "aws_vpc",
                    "depends_on": [],
                    "primary": {
                        "id": "vpc-093e0a274b0c4fe74",
                        "attributes": {
                            "arn": "arn:aws:ec2:us-east-1:944937158186:vpc/vpc-093e0a274b0c4fe74",
                            "assign_generated_ipv6_cidr_block": "false",
                            "cidr_block": "10.123.0.0/16",
                            "default_network_acl_id": "acl-0a3c7ab01a74ddd64",
                            "default_route_table_id": "rtb-01611cfd4ca56f4c3",
                            "default_security_group_id": "sg-046734e028d371f19",
                            "dhcp_options_id": "dopt-6fd9e914",
                            "enable_classiclink": "false",
                            "enable_classiclink_dns_support": "false",
                            "enable_dns_hostnames": "true",
                            "enable_dns_support": "true",
                            "id": "vpc-093e0a274b0c4fe74",
                            "instance_tenancy": "default",
                            "ipv6_association_id": "",
                            "ipv6_cidr_block": "",
                            "main_route_table_id": "rtb-01611cfd4ca56f4c3",
                            "owner_id": "944937158186",
                            "tags.%": "1",
                            "tags.Name": "tf_vpc"
                        },
                        "meta": {
                            "schema_version": "1"
                        },
                        "tainted": false
                    },
                    "deposed": [],
                    "provider": "provider.aws"
                },
                "data.aws_availability_zones.available": {
                    "type": "aws_availability_zones",
                    "depends_on": [],
                    "primary": {
                        "id": "2019-05-03 13:53:35.332407864 +0000 UTC",
                        "attributes": {
                            "id": "2019-05-03 13:53:35.332407864 +0000 UTC",
                            "names.#": "6",
                            "names.0": "us-east-1a",
                            "names.1": "us-east-1b",
                            "names.2": "us-east-1c",
                            "names.3": "us-east-1d",
                            "names.4": "us-east-1e",
                            "names.5": "us-east-1f",
                            "zone_ids.#": "6",
                            "zone_ids.0": "use1-az4",
                            "zone_ids.1": "use1-az6",
                            "zone_ids.2": "use1-az1",
                            "zone_ids.3": "use1-az2",
                            "zone_ids.4": "use1-az3",
                            "zone_ids.5": "use1-az5"
                        },
                        "meta": {},
                        "tainted": false
                    },
                    "deposed": [],
                    "provider": "provider.aws"
                }
            },
            "depends_on": []
        },
        {
            "path": [
                "root",
                "rds"
            ],
            "outputs": {},
            "resources": {
                "aws_db_instance.test_rds": {
                    "type": "aws_db_instance",
                    "depends_on": [
                        "aws_db_subnet_group.subnets"
                    ],
                    "primary": {
                        "id": "terraform-20190503135345089200000002",
                        "attributes": {
                            "address": "terraform-20190503135345089200000002.cx3f9dht95xc.us-east-1.rds.amazonaws.com",
                            "allocated_storage": "20",
                            "arn": "arn:aws:rds:us-east-1:944937158186:db:terraform-20190503135345089200000002",
                            "auto_minor_version_upgrade": "true",
                            "availability_zone": "us-east-1a",
                            "backup_retention_period": "0",
                            "backup_window": "04:33-05:03",
                            "ca_cert_identifier": "rds-ca-2015",
                            "copy_tags_to_snapshot": "false",
                            "db_subnet_group_name": "subnets",
                            "deletion_protection": "false",
                            "domain": "",
                            "domain_iam_role_name": "",
                            "enabled_cloudwatch_logs_exports.#": "0",
                            "endpoint": "terraform-20190503135345089200000002.cx3f9dht95xc.us-east-1.rds.amazonaws.com:3306",
                            "engine": "mysql",
                            "engine_version": "5.7.23",
                            "hosted_zone_id": "Z2R2ITUGPM61AM",
                            "iam_database_authentication_enabled": "false",
                            "id": "terraform-20190503135345089200000002",
                            "identifier": "terraform-20190503135345089200000002",
                            "instance_class": "db.t2.micro",
                            "iops": "0",
                            "kms_key_id": "",
                            "license_model": "general-public-license",
                            "maintenance_window": "sun:03:26-sun:03:56",
                            "monitoring_interval": "0",
                            "multi_az": "false",
                            "name": "mydb",
                            "option_group_name": "default:mysql-5-7",
                            "parameter_group_name": "default.mysql5.7",
                            "password": "superSecurePassword",
                            "port": "3306",
                            "publicly_accessible": "false",
                            "replicas.#": "0",
                            "replicate_source_db": "",
                            "resource_id": "db-TQOEGL3D6IRQOIQ5JUI6ZU5QBY",
                            "security_group_names.#": "0",
                            "skip_final_snapshot": "true",
                            "status": "available",
                            "storage_encrypted": "false",
                            "storage_type": "gp2",
                            "tags.%": "0",
                            "timezone": "",
                            "username": "dbuser",
                            "vpc_security_group_ids.#": "1",
                            "vpc_security_group_ids.47601760": "sg-091a50debf034b149"
                        },
                        "meta": {
                            "e2bfb730-ecaa-11e6-8f88-34363bc7c4c0": {
                                "create": 2400000000000,
                                "delete": 2400000000000,
                                "update": 4800000000000
                            }
                        },
                        "tainted": false
                    },
                    "deposed": [],
                    "provider": "provider.aws"
                },
                "aws_db_subnet_group.subnets": {
                    "type": "aws_db_subnet_group",
                    "depends_on": [],
                    "primary": {
                        "id": "subnets",
                        "attributes": {
                            "arn": "arn:aws:rds:us-east-1:944937158186:subgrp:subnets",
                            "description": "Managed by Terraform",
                            "id": "subnets",
                            "name": "subnets",
                            "subnet_ids.#": "2",
                            "subnet_ids.3409800556": "subnet-0e63f52dd6512fe86",
                            "subnet_ids.3586574698": "subnet-01124d79a70b7bf7f",
                            "tags.%": "1",
                            "tags.Name": "Subnet 4 DB"
                        },
                        "meta": {},
                        "tainted": false
                    },
                    "deposed": [],
                    "provider": "provider.aws"
                }
            },
            "depends_on": []
        },
        {
            "path": [
                "root",
                "storage"
            ],
            "outputs": {},
            "resources": {
                "aws_s3_bucket.tf_code": {
                    "type": "aws_s3_bucket",
                    "depends_on": [
                        "random_id.tf_bucket_id"
                    ],
                    "primary": {
                        "id": "la-terraform-7599",
                        "attributes": {
                            "acceleration_status": "",
                            "acl": "private",
                            "arn": "arn:aws:s3:::la-terraform-7599",
                            "bucket": "la-terraform-7599",
                            "bucket_domain_name": "la-terraform-7599.s3.amazonaws.com",
                            "bucket_regional_domain_name": "la-terraform-7599.s3.amazonaws.com",
                            "cors_rule.#": "0",
                            "force_destroy": "true",
                            "hosted_zone_id": "Z3AQBSTGFYJSTF",
                            "id": "la-terraform-7599",
                            "lifecycle_rule.#": "0",
                            "logging.#": "0",
                            "object_lock_configuration.#": "0",
                            "region": "us-east-1",
                            "replication_configuration.#": "0",
                            "request_payer": "BucketOwner",
                            "server_side_encryption_configuration.#": "0",
                            "tags.%": "1",
                            "tags.Name": "tf_bucket",
                            "versioning.#": "1",
                            "versioning.0.enabled": "false",
                            "versioning.0.mfa_delete": "false",
                            "website.#": "0"
                        },
                        "meta": {},
                        "tainted": false
                    },
                    "deposed": [],
                    "provider": "provider.aws"
                },
                "random_id.tf_bucket_id": {
                    "type": "random_id",
                    "depends_on": [],
                    "primary": {
                        "id": "Ha8",
                        "attributes": {
                            "b64": "Ha8",
                            "b64_std": "Ha8=",
                            "b64_url": "Ha8",
                            "byte_length": "2",
                            "dec": "7599",
                            "hex": "1daf",
                            "id": "Ha8"
                        },
                        "meta": {},
                        "tainted": false
                    },
                    "deposed": [],
                    "provider": "provider.random"
                }
            },
            "depends_on": []
        }
    ]
}
