{
    "version": 3,
    "terraform_version": "0.11.5",
    "serial": 5,
    "lineage": "c696c2f4-7606-93d2-de46-830b3a9f798e",
    "modules": [
        {
            "path": [
                "root"
            ],
            "outputs": {},
            "resources": {
                "aws_internet_gateway.tf_internet_gateway": {
                    "type": "aws_internet_gateway",
                    "depends_on": [
                        "aws_vpc.main"
                    ],
                    "primary": {
                        "id": "igw-0a3b4c62190cc1ec1",
                        "attributes": {
                            "id": "igw-0a3b4c62190cc1ec1",
                            "owner_id": "944937158186",
                            "tags.%": "1",
                            "tags.Name": "tf_igw",
                            "vpc_id": "vpc-060a17b1377872233"
                        },
                        "meta": {},
                        "tainted": false
                    },
                    "deposed": [],
                    "provider": "provider.aws"
                },
                "aws_lb.test": {
                    "type": "aws_lb",
                    "depends_on": [
                        "aws_security_group.tf_public_sg",
                        "aws_subnet.tf_public_subnet.*"
                    ],
                    "primary": {
                        "id": "arn:aws:elasticloadbalancing:us-east-1:944937158186:loadbalancer/app/test-lb-tf/cb2e7c6246bdf82a",
                        "attributes": {
                            "access_logs.#": "1",
                            "access_logs.0.bucket": "",
                            "access_logs.0.enabled": "false",
                            "access_logs.0.prefix": "",
                            "arn": "arn:aws:elasticloadbalancing:us-east-1:944937158186:loadbalancer/app/test-lb-tf/cb2e7c6246bdf82a",
                            "arn_suffix": "app/test-lb-tf/cb2e7c6246bdf82a",
                            "dns_name": "test-lb-tf-17651909.us-east-1.elb.amazonaws.com",
                            "enable_deletion_protection": "true",
                            "enable_http2": "true",
                            "id": "arn:aws:elasticloadbalancing:us-east-1:944937158186:loadbalancer/app/test-lb-tf/cb2e7c6246bdf82a",
                            "idle_timeout": "60",
                            "internal": "false",
                            "ip_address_type": "ipv4",
                            "load_balancer_type": "application",
                            "name": "test-lb-tf",
                            "security_groups.#": "1",
                            "security_groups.1368485609": "sg-0b4418d2261e52db7",
                            "subnet_mapping.#": "2",
                            "subnet_mapping.3090957303.allocation_id": "",
                            "subnet_mapping.3090957303.subnet_id": "subnet-0bffd8ef202b8bd9f",
                            "subnet_mapping.3174282006.allocation_id": "",
                            "subnet_mapping.3174282006.subnet_id": "subnet-08a8cbbbb80e1f9ac",
                            "subnets.#": "2",
                            "subnets.2167110395": "subnet-08a8cbbbb80e1f9ac",
                            "subnets.2391574588": "subnet-0bffd8ef202b8bd9f",
                            "tags.%": "1",
                            "tags.Environment": "test",
                            "vpc_id": "vpc-060a17b1377872233",
                            "zone_id": "Z35SXDOTRQ7X7K"
                        },
                        "meta": {
                            "e2bfb730-ecaa-11e6-8f88-34363bc7c4c0": {
                                "create": 600000000000,
                                "delete": 600000000000,
                                "update": 600000000000
                            }
                        },
                        "tainted": false
                    },
                    "deposed": [],
                    "provider": "provider.aws"
                },
                "aws_security_group.tf_public_sg": {
                    "type": "aws_security_group",
                    "depends_on": [
                        "aws_vpc.main"
                    ],
                    "primary": {
                        "id": "sg-0b4418d2261e52db7",
                        "attributes": {
                            "arn": "arn:aws:ec2:us-east-1:944937158186:security-group/sg-0b4418d2261e52db7",
                            "description": "Used for access to the public instances",
                            "egress.#": "1",
                            "egress.482069346.cidr_blocks.#": "1",
                            "egress.482069346.cidr_blocks.0": "0.0.0.0/0",
                            "egress.482069346.description": "",
                            "egress.482069346.from_port": "0",
                            "egress.482069346.ipv6_cidr_blocks.#": "0",
                            "egress.482069346.prefix_list_ids.#": "0",
                            "egress.482069346.protocol": "-1",
                            "egress.482069346.security_groups.#": "0",
                            "egress.482069346.self": "false",
                            "egress.482069346.to_port": "0",
                            "id": "sg-0b4418d2261e52db7",
                            "ingress.#": "2",
                            "ingress.2214680975.cidr_blocks.#": "1",
                            "ingress.2214680975.cidr_blocks.0": "0.0.0.0/0",
                            "ingress.2214680975.description": "",
                            "ingress.2214680975.from_port": "80",
                            "ingress.2214680975.ipv6_cidr_blocks.#": "0",
                            "ingress.2214680975.prefix_list_ids.#": "0",
                            "ingress.2214680975.protocol": "tcp",
                            "ingress.2214680975.security_groups.#": "0",
                            "ingress.2214680975.self": "false",
                            "ingress.2214680975.to_port": "80",
                            "ingress.2541437006.cidr_blocks.#": "1",
                            "ingress.2541437006.cidr_blocks.0": "0.0.0.0/0",
                            "ingress.2541437006.description": "",
                            "ingress.2541437006.from_port": "22",
                            "ingress.2541437006.ipv6_cidr_blocks.#": "0",
                            "ingress.2541437006.prefix_list_ids.#": "0",
                            "ingress.2541437006.protocol": "tcp",
                            "ingress.2541437006.security_groups.#": "0",
                            "ingress.2541437006.self": "false",
                            "ingress.2541437006.to_port": "22",
                            "name": "tf_public_sg",
                            "owner_id": "944937158186",
                            "revoke_rules_on_delete": "false",
                            "tags.%": "0",
                            "vpc_id": "vpc-060a17b1377872233"
                        },
                        "meta": {
                            "e2bfb730-ecaa-11e6-8f88-34363bc7c4c0": {
                                "create": 600000000000,
                                "delete": 600000000000
                            },
                            "schema_version": "1"
                        },
                        "tainted": false
                    },
                    "deposed": [],
                    "provider": "provider.aws"
                },
                "aws_subnet.tf_public_subnet.0": {
                    "type": "aws_subnet",
                    "depends_on": [
                        "aws_vpc.main",
                        "data.aws_availability_zones.available"
                    ],
                    "primary": {
                        "id": "subnet-08a8cbbbb80e1f9ac",
                        "attributes": {
                            "arn": "arn:aws:ec2:us-east-1:944937158186:subnet/subnet-08a8cbbbb80e1f9ac",
                            "assign_ipv6_address_on_creation": "false",
                            "availability_zone": "us-east-1a",
                            "availability_zone_id": "use1-az4",
                            "cidr_block": "10.123.1.0/24",
                            "id": "subnet-08a8cbbbb80e1f9ac",
                            "ipv6_cidr_block": "",
                            "ipv6_cidr_block_association_id": "",
                            "map_public_ip_on_launch": "true",
                            "owner_id": "944937158186",
                            "tags.%": "1",
                            "tags.Name": "tf_public_1",
                            "vpc_id": "vpc-060a17b1377872233"
                        },
                        "meta": {
                            "e2bfb730-ecaa-11e6-8f88-34363bc7c4c0": {
                                "create": 600000000000,
                                "delete": 600000000000
                            },
                            "schema_version": "1"
                        },
                        "tainted": false
                    },
                    "deposed": [],
                    "provider": "provider.aws"
                },
                "aws_subnet.tf_public_subnet.1": {
                    "type": "aws_subnet",
                    "depends_on": [
                        "aws_vpc.main",
                        "data.aws_availability_zones.available"
                    ],
                    "primary": {
                        "id": "subnet-0bffd8ef202b8bd9f",
                        "attributes": {
                            "arn": "arn:aws:ec2:us-east-1:944937158186:subnet/subnet-0bffd8ef202b8bd9f",
                            "assign_ipv6_address_on_creation": "false",
                            "availability_zone": "us-east-1b",
                            "availability_zone_id": "use1-az6",
                            "cidr_block": "10.123.2.0/24",
                            "id": "subnet-0bffd8ef202b8bd9f",
                            "ipv6_cidr_block": "",
                            "ipv6_cidr_block_association_id": "",
                            "map_public_ip_on_launch": "true",
                            "owner_id": "944937158186",
                            "tags.%": "1",
                            "tags.Name": "tf_public_2",
                            "vpc_id": "vpc-060a17b1377872233"
                        },
                        "meta": {
                            "e2bfb730-ecaa-11e6-8f88-34363bc7c4c0": {
                                "create": 600000000000,
                                "delete": 600000000000
                            },
                            "schema_version": "1"
                        },
                        "tainted": false
                    },
                    "deposed": [],
                    "provider": "provider.aws"
                },
                "aws_vpc.main": {
                    "type": "aws_vpc",
                    "depends_on": [],
                    "primary": {
                        "id": "vpc-060a17b1377872233",
                        "attributes": {
                            "arn": "arn:aws:ec2:us-east-1:944937158186:vpc/vpc-060a17b1377872233",
                            "assign_generated_ipv6_cidr_block": "false",
                            "cidr_block": "10.123.0.0/16",
                            "default_network_acl_id": "acl-0041ee5d78926cdc8",
                            "default_route_table_id": "rtb-02213fa644fb0f78e",
                            "default_security_group_id": "sg-03b4500a3372358dc",
                            "dhcp_options_id": "dopt-6fd9e914",
                            "enable_classiclink": "false",
                            "enable_classiclink_dns_support": "false",
                            "enable_dns_hostnames": "false",
                            "enable_dns_support": "true",
                            "id": "vpc-060a17b1377872233",
                            "instance_tenancy": "default",
                            "ipv6_association_id": "",
                            "ipv6_cidr_block": "",
                            "main_route_table_id": "rtb-02213fa644fb0f78e",
                            "owner_id": "944937158186",
                            "tags.%": "0"
                        },
                        "meta": {
                            "schema_version": "1"
                        },
                        "tainted": false
                    },
                    "deposed": [],
                    "provider": "provider.aws"
                },
                "data.aws_availability_zones.available": {
                    "type": "aws_availability_zones",
                    "depends_on": [],
                    "primary": {
                        "id": "2019-05-02 01:16:46.971355561 +0000 UTC",
                        "attributes": {
                            "id": "2019-05-02 01:16:46.971355561 +0000 UTC",
                            "names.#": "6",
                            "names.0": "us-east-1a",
                            "names.1": "us-east-1b",
                            "names.2": "us-east-1c",
                            "names.3": "us-east-1d",
                            "names.4": "us-east-1e",
                            "names.5": "us-east-1f",
                            "zone_ids.#": "6",
                            "zone_ids.0": "use1-az4",
                            "zone_ids.1": "use1-az6",
                            "zone_ids.2": "use1-az1",
                            "zone_ids.3": "use1-az2",
                            "zone_ids.4": "use1-az3",
                            "zone_ids.5": "use1-az5"
                        },
                        "meta": {},
                        "tainted": false
                    },
                    "deposed": [],
                    "provider": "provider.aws"
                }
            },
            "depends_on": []
        }
    ]
}
